// !$*UTF8*$!
{
	archiveVersion = 1;
	classes = {
	};
	objectVersion = 50;
	objects = {

/* Begin PBXBuildFile section */
		6D83686904AB3CBADBD1FB22 /* Pods_Todoey.framework in Frameworks */ = {isa = PBXBuildFile; fileRef = 613D65D6B0C0188EE9322743 /* Pods_Todoey.framework */; };
		AF758ADE20E5BFC800380C91 /* CategoryViewController.swift in Sources */ = {isa = PBXBuildFile; fileRef = AF758ADD20E5BFC800380C91 /* CategoryViewController.swift */; };
		AF8CD9FF20F577970074F6E0 /* Item.swift in Sources */ = {isa = PBXBuildFile; fileRef = AF8CD9FE20F577970074F6E0 /* Item.swift */; };
		AF8CDA0120F577A80074F6E0 /* Category.swift in Sources */ = {isa = PBXBuildFile; fileRef = AF8CDA0020F577A80074F6E0 /* Category.swift */; };
		AF8CDA0320F941570074F6E0 /* SwipeTableViewController.swift in Sources */ = {isa = PBXBuildFile; fileRef = AF8CDA0220F941570074F6E0 /* SwipeTableViewController.swift */; };
		AFE48A4920DEB8A9005930EC /* AppDelegate.swift in Sources */ = {isa = PBXBuildFile; fileRef = AFE48A4820DEB8A9005930EC /* AppDelegate.swift */; };
		AFE48A4B20DEB8A9005930EC /* TodoListViewController.swift in Sources */ = {isa = PBXBuildFile; fileRef = AFE48A4A20DEB8A9005930EC /* TodoListViewController.swift */; };
		AFE48A4E20DEB8A9005930EC /* Main.storyboard in Resources */ = {isa = PBXBuildFile; fileRef = AFE48A4C20DEB8A9005930EC /* Main.storyboard */; };
		AFE48A5020DEB8AB005930EC /* Assets.xcassets in Resources */ = {isa = PBXBuildFile; fileRef = AFE48A4F20DEB8AB005930EC /* Assets.xcassets */; };
		AFE48A5320DEB8AB005930EC /* LaunchScreen.storyboard in Resources */ = {isa = PBXBuildFile; fileRef = AFE48A5120DEB8AB005930EC /* LaunchScreen.storyboard */; };
/* End PBXBuildFile section */

/* Begin PBXFileReference section */
		613D65D6B0C0188EE9322743 /* Pods_Todoey.framework */ = {isa = PBXFileReference; explicitFileType = wrapper.framework; includeInIndex = 0; path = Pods_Todoey.framework; sourceTree = BUILT_PRODUCTS_DIR; };
		AF758ADD20E5BFC800380C91 /* CategoryViewController.swift */ = {isa = PBXFileReference; lastKnownFileType = sourcecode.swift; path = CategoryViewController.swift; sourceTree = "<group>"; };
		AF8CD9FE20F577970074F6E0 /* Item.swift */ = {isa = PBXFileReference; lastKnownFileType = sourcecode.swift; path = Item.swift; sourceTree = "<group>"; };
		AF8CDA0020F577A80074F6E0 /* Category.swift */ = {isa = PBXFileReference; lastKnownFileType = sourcecode.swift; path = Category.swift; sourceTree = "<group>"; };
		AF8CDA0220F941570074F6E0 /* SwipeTableViewController.swift */ = {isa = PBXFileReference; lastKnownFileType = sourcecode.swift; path = SwipeTableViewController.swift; sourceTree = "<group>"; };
		AFE48A4520DEB8A9005930EC /* Todoey.app */ = {isa = PBXFileReference; explicitFileType = wrapper.application; includeInIndex = 0; path = Todoey.app; sourceTree = BUILT_PRODUCTS_DIR; };
		AFE48A4820DEB8A9005930EC /* AppDelegate.swift */ = {isa = PBXFileReference; lastKnownFileType = sourcecode.swift; path = AppDelegate.swift; sourceTree = "<group>"; };
		AFE48A4A20DEB8A9005930EC /* TodoListViewController.swift */ = {isa = PBXFileReference; lastKnownFileType = sourcecode.swift; path = TodoListViewController.swift; sourceTree = "<group>"; };
		AFE48A4D20DEB8A9005930EC /* Base */ = {isa = PBXFileReference; lastKnownFileType = file.storyboard; name = Base; path = Base.lproj/Main.storyboard; sourceTree = "<group>"; };
		AFE48A4F20DEB8AB005930EC /* Assets.xcassets */ = {isa = PBXFileReference; lastKnownFileType = folder.assetcatalog; path = Assets.xcassets; sourceTree = "<group>"; };
		AFE48A5220DEB8AB005930EC /* Base */ = {isa = PBXFileReference; lastKnownFileType = file.storyboard; name = Base; path = Base.lproj/LaunchScreen.storyboard; sourceTree = "<group>"; };
		AFE48A5420DEB8AB005930EC /* Info.plist */ = {isa = PBXFileReference; lastKnownFileType = text.plist.xml; path = Info.plist; sourceTree = "<group>"; };
		B98A9CCF6AD3D18AD2C37307 /* Pods-Todoey.release.xcconfig */ = {isa = PBXFileReference; includeInIndex = 1; lastKnownFileType = text.xcconfig; name = "Pods-Todoey.release.xcconfig"; path = "Pods/Target Support Files/Pods-Todoey/Pods-Todoey.release.xcconfig"; sourceTree = "<group>"; };
		E5CCB614AB1A4A39B6C7ACBE /* Pods-Todoey.debug.xcconfig */ = {isa = PBXFileReference; includeInIndex = 1; lastKnownFileType = text.xcconfig; name = "Pods-Todoey.debug.xcconfig"; path = "Pods/Target Support Files/Pods-Todoey/Pods-Todoey.debug.xcconfig"; sourceTree = "<group>"; };
/* End PBXFileReference section */

/* Begin PBXFrameworksBuildPhase section */
		AFE48A4220DEB8A9005930EC /* Frameworks */ = {
			isa = PBXFrameworksBuildPhase;
			buildActionMask = 2147483647;
			files = (
				6D83686904AB3CBADBD1FB22 /* Pods_Todoey.framework in Frameworks */,
			);
			runOnlyForDeploymentPostprocessing = 0;
		};
/* End PBXFrameworksBuildPhase section */

/* Begin PBXGroup section */
		273BCD1A95D1A59B72732A9F /* Frameworks */ = {
			isa = PBXGroup;
			children = (
				613D65D6B0C0188EE9322743 /* Pods_Todoey.framework */,
			);
			name = Frameworks;
			sourceTree = "<group>";
		};
		AF777FA920E01C2900F2AA07 /* Supporting Files */ = {
			isa = PBXGroup;
			children = (
				AFE48A5120DEB8AB005930EC /* LaunchScreen.storyboard */,
				AFE48A4F20DEB8AB005930EC /* Assets.xcassets */,
			);
			path = "Supporting Files";
			sourceTree = "<group>";
		};
		AF777FAA20E01C4600F2AA07 /* View */ = {
			isa = PBXGroup;
			children = (
				AFE48A4C20DEB8A9005930EC /* Main.storyboard */,
			);
			path = View;
			sourceTree = "<group>";
		};
		AF777FAB20E01C4E00F2AA07 /* Controller */ = {
			isa = PBXGroup;
			children = (
				AF758ADD20E5BFC800380C91 /* CategoryViewController.swift */,
				AFE48A4A20DEB8A9005930EC /* TodoListViewController.swift */,
				AF8CDA0220F941570074F6E0 /* SwipeTableViewController.swift */,
			);
			path = Controller;
			sourceTree = "<group>";
		};
		AF777FAC20E01C7300F2AA07 /* Model */ = {
			isa = PBXGroup;
			children = (
				AF8CDA0020F577A80074F6E0 /* Category.swift */,
				AF8CD9FE20F577970074F6E0 /* Item.swift */,
			);
			path = Model;
			sourceTree = "<group>";
		};
		AFE48A3C20DEB8A9005930EC = {
			isa = PBXGroup;
			children = (
				AFE48A4720DEB8A9005930EC /* Todoey */,
				AFE48A4620DEB8A9005930EC /* Products */,
				B9A8FA88EFE07E572D044142 /* Pods */,
				273BCD1A95D1A59B72732A9F /* Frameworks */,
			);
			sourceTree = "<group>";
		};
		AFE48A4620DEB8A9005930EC /* Products */ = {
			isa = PBXGroup;
			children = (
				AFE48A4520DEB8A9005930EC /* Todoey.app */,
			);
			name = Products;
			sourceTree = "<group>";
		};
		AFE48A4720DEB8A9005930EC /* Todoey */ = {
			isa = PBXGroup;
			children = (
				AFE48A5420DEB8AB005930EC /* Info.plist */,
				AFE48A4820DEB8A9005930EC /* AppDelegate.swift */,
				AF777FAC20E01C7300F2AA07 /* Model */,
				AF777FAA20E01C4600F2AA07 /* View */,
				AF777FAB20E01C4E00F2AA07 /* Controller */,
				AF777FA920E01C2900F2AA07 /* Supporting Files */,
			);
			path = Todoey;
			sourceTree = "<group>";
		};
		B9A8FA88EFE07E572D044142 /* Pods */ = {
			isa = PBXGroup;
			children = (
				E5CCB614AB1A4A39B6C7ACBE /* Pods-Todoey.debug.xcconfig */,
				B98A9CCF6AD3D18AD2C37307 /* Pods-Todoey.release.xcconfig */,
			);
			name = Pods;
			sourceTree = "<group>";
		};
/* End PBXGroup section */

/* Begin PBXNativeTarget section */
		AFE48A4420DEB8A9005930EC /* Todoey */ = {
			isa = PBXNativeTarget;
			buildConfigurationList = AFE48A5720DEB8AB005930EC /* Build configuration list for PBXNativeTarget "Todoey" */;
			buildPhases = (
				444EAE6B63D3349248C6B05B /* [CP] Check Pods Manifest.lock */,
				AFE48A4120DEB8A9005930EC /* Sources */,
				AFE48A4220DEB8A9005930EC /* Frameworks */,
				AFE48A4320DEB8A9005930EC /* Resources */,
				017EB01E9E940374415CEEDE /* [CP] Embed Pods Frameworks */,
			);
			buildRules = (
			);
			dependencies = (
			);
			name = Todoey;
			productName = Todoey;
			productReference = AFE48A4520DEB8A9005930EC /* Todoey.app */;
			productType = "com.apple.product-type.application";
		};
/* End PBXNativeTarget section */

/* Begin PBXProject section */
		AFE48A3D20DEB8A9005930EC /* Project object */ = {
			isa = PBXProject;
			attributes = {
				LastSwiftUpdateCheck = 0940;
				LastUpgradeCheck = 0940;
				ORGANIZATIONNAME = "Nicholas Romano";
				TargetAttributes = {
					AFE48A4420DEB8A9005930EC = {
						CreatedOnToolsVersion = 9.4.1;
					};
				};
			};
			buildConfigurationList = AFE48A4020DEB8A9005930EC /* Build configuration list for PBXProject "Todoey" */;
			compatibilityVersion = "Xcode 9.3";
			developmentRegion = en;
			hasScannedForEncodings = 0;
			knownRegions = (
				en,
				Base,
			);
			mainGroup = AFE48A3C20DEB8A9005930EC;
			productRefGroup = AFE48A4620DEB8A9005930EC /* Products */;
			projectDirPath = "";
			projectRoot = "";
			targets = (
				AFE48A4420DEB8A9005930EC /* Todoey */,
			);
		};
/* End PBXProject section */

/* Begin PBXResourcesBuildPhase section */
		AFE48A4320DEB8A9005930EC /* Resources */ = {
			isa = PBXResourcesBuildPhase;
			buildActionMask = 2147483647;
			files = (
				AFE48A5320DEB8AB005930EC /* LaunchScreen.storyboard in Resources */,
				AFE48A5020DEB8AB005930EC /* Assets.xcassets in Resources */,
				AFE48A4E20DEB8A9005930EC /* Main.storyboard in Resources */,
			);
			runOnlyForDeploymentPostprocessing = 0;
		};
/* End PBXResourcesBuildPhase section */

/* Begin PBXShellScriptBuildPhase section */
		017EB01E9E940374415CEEDE /* [CP] Embed Pods Frameworks */ = {
			isa = PBXShellScriptBuildPhase;
			buildActionMask = 2147483647;
			files = (
			);
			inputPaths = (
				"${SRCROOT}/Pods/Target Support Files/Pods-Todoey/Pods-Todoey-frameworks.sh",
				"${BUILT_PRODUCTS_DIR}/ChameleonFramework/ChameleonFramework.framework",
				"${BUILT_PRODUCTS_DIR}/Realm/Realm.framework",
				"${BUILT_PRODUCTS_DIR}/RealmSwift/RealmSwift.framework",
				"${BUILT_PRODUCTS_DIR}/SwipeCellKit/SwipeCellKit.framework",
			);
			name = "[CP] Embed Pods Frameworks";
			outputPaths = (
				"${TARGET_BUILD_DIR}/${FRAMEWORKS_FOLDER_PATH}/ChameleonFramework.framework",
				"${TARGET_BUILD_DIR}/${FRAMEWORKS_FOLDER_PATH}/Realm.framework",
				"${TARGET_BUILD_DIR}/${FRAMEWORKS_FOLDER_PATH}/RealmSwift.framework",
				"${TARGET_BUILD_DIR}/${FRAMEWORKS_FOLDER_PATH}/SwipeCellKit.framework",
			);
			runOnlyForDeploymentPostprocessing = 0;
			shellPath = /bin/sh;
			shellScript = "\"${SRCROOT}/Pods/Target Support Files/Pods-Todoey/Pods-Todoey-frameworks.sh\"\n";
			showEnvVarsInLog = 0;
		};
		444EAE6B63D3349248C6B05B /* [CP] Check Pods Manifest.lock */ = {
			isa = PBXShellScriptBuildPhase;
			buildActionMask = 2147483647;
			files = (
			);
			inputPaths = (
				"${PODS_PODFILE_DIR_PATH}/Podfile.lock",
				"${PODS_ROOT}/Manifest.lock",
			);
			name = "[CP] Check Pods Manifest.lock";
			outputPaths = (
				"$(DERIVED_FILE_DIR)/Pods-Todoey-checkManifestLockResult.txt",
			);
			runOnlyForDeploymentPostprocessing = 0;
			shellPath = /bin/sh;
			shellScript = "diff \"${PODS_PODFILE_DIR_PATH}/Podfile.lock\" \"${PODS_ROOT}/Manifest.lock\" > /dev/null\nif [ $? != 0 ] ; then\n    # print error to STDERR\n    echo \"error: The sandbox is not in sync with the Podfile.lock. Run 'pod install' or update your CocoaPods installation.\" >&2\n    exit 1\nfi\n# This output is used by Xcode 'outputs' to avoid re-running this script phase.\necho \"SUCCESS\" > \"${SCRIPT_OUTPUT_FILE_0}\"\n";
			showEnvVarsInLog = 0;
		};
/* End PBXShellScriptBuildPhase section */

/* Begin PBXSourcesBuildPhase section */
		AFE48A4120DEB8A9005930EC /* Sources */ = {
			isa = PBXSourcesBuildPhase;
			buildActionMask = 2147483647;
			files = (
				AF8CD9FF20F577970074F6E0 /* Item.swift in Sources */,
				AF758ADE20E5BFC800380C91 /* CategoryViewController.swift in Sources */,
				AFE48A4B20DEB8A9005930EC /* TodoListViewController.swift in Sources */,
				AFE48A4920DEB8A9005930EC /* AppDelegate.swift in Sources */,
				AF8CDA0320F941570074F6E0 /* SwipeTableViewController.swift in Sources */,
				AF8CDA0120F577A80074F6E0 /* Category.swift in Sources */,
			);
			runOnlyForDeploymentPostprocessing = 0;
		};
/* End PBXSourcesBuildPhase section */

/* Begin PBXVariantGroup section */
		AFE48A4C20DEB8A9005930EC /* Main.storyboard */ = {
			isa = PBXVariantGroup;
			children = (
				AFE48A4D20DEB8A9005930EC /* Base */,
			);
			name = Main.storyboard;
			sourceTree = "<group>";
		};
		AFE48A5120DEB8AB005930EC /* LaunchScreen.storyboard */ = {
			isa = PBXVariantGroup;
			children = (
				AFE48A5220DEB8AB005930EC /* Base */,
			);
			name = LaunchScreen.storyboard;
			sourceTree = "<group>";
		};
/* End PBXVariantGroup section */

/* Begin XCBuildConfiguration section */
		AFE48A5520DEB8AB005930EC /* Debug */ = {
			isa = XCBuildConfiguration;
			buildSettings = {
				ALWAYS_SEARCH_USER_PATHS = NO;
				CLANG_ANALYZER_NONNULL = YES;
				CLANG_ANALYZER_NUMBER_OBJECT_CONVERSION = YES_AGGRESSIVE;
				CLANG_CXX_LANGUAGE_STANDARD = "gnu++14";
				CLANG_CXX_LIBRARY = "libc++";
				CLANG_ENABLE_MODULES = YES;
				CLANG_ENABLE_OBJC_ARC = YES;
				CLANG_ENABLE_OBJC_WEAK = YES;
				CLANG_WARN_BLOCK_CAPTURE_AUTORELEASING = YES;
				CLANG_WARN_BOOL_CONVERSION = YES;
				CLANG_WARN_COMMA = YES;
				CLANG_WARN_CONSTANT_CONVERSION = YES;
				CLANG_WARN_DEPRECATED_OBJC_IMPLEMENTATIONS = YES;
				CLANG_WARN_DIRECT_OBJC_ISA_USAGE = YES_ERROR;
				CLANG_WARN_DOCUMENTATION_COMMENTS = YES;
				CLANG_WARN_EMPTY_BODY = YES;
				CLANG_WARN_ENUM_CONVERSION = YES;
				CLANG_WARN_INFINITE_RECURSION = YES;
				CLANG_WARN_INT_CONVERSION = YES;
				CLANG_WARN_NON_LITERAL_NULL_CONVERSION = YES;
				CLANG_WARN_OBJC_IMPLICIT_RETAIN_SELF = YES;
				CLANG_WARN_OBJC_LITERAL_CONVERSION = YES;
				CLANG_WARN_OBJC_ROOT_CLASS = YES_ERROR;
				CLANG_WARN_RANGE_LOOP_ANALYSIS = YES;
				CLANG_WARN_STRICT_PROTOTYPES = YES;
				CLANG_WARN_SUSPICIOUS_MOVE = YES;
				CLANG_WARN_UNGUARDED_AVAILABILITY = YES_AGGRESSIVE;
				CLANG_WARN_UNREACHABLE_CODE = YES;
				CLANG_WARN__DUPLICATE_METHOD_MATCH = YES;
				CODE_SIGN_IDENTITY = "iPhone Developer";
				COPY_PHASE_STRIP = NO;
				DEBUG_INFORMATION_FORMAT = dwarf;
				ENABLE_STRICT_OBJC_MSGSEND = YES;
				ENABLE_TESTABILITY = YES;
				GCC_C_LANGUAGE_STANDARD = gnu11;
				GCC_DYNAMIC_NO_PIC = NO;
				GCC_NO_COMMON_BLOCKS = YES;
				GCC_OPTIMIZATION_LEVEL = 0;
				GCC_PREPROCESSOR_DEFINITIONS = (
					"DEBUG=1",
					"$(inherited)",
				);
				GCC_WARN_64_TO_32_BIT_CONVERSION = YES;
				GCC_WARN_ABOUT_RETURN_TYPE = YES_ERROR;
				GCC_WARN_UNDECLARED_SELECTOR = YES;
				GCC_WARN_UNINITIALIZED_AUTOS = YES_AGGRESSIVE;
				GCC_WARN_UNUSED_FUNCTION = YES;
				GCC_WARN_UNUSED_VARIABLE = YES;
				IPHONEOS_DEPLOYMENT_TARGET = 11.4;
				MTL_ENABLE_DEBUG_INFO = YES;
				ONLY_ACTIVE_ARCH = YES;
				SDKROOT = iphoneos;
				SWIFT_ACTIVE_COMPILATION_CONDITIONS = DEBUG;
				SWIFT_OPTIMIZATION_LEVEL = "-Onone";
			};
			name = Debug;
		};
		AFE48A5620DEB8AB005930EC /* Release */ = {
			isa = XCBuildConfiguration;
			buildSettings = {
				ALWAYS_SEARCH_USER_PATHS = NO;
				CLANG_ANALYZER_NONNULL = YES;
				CLANG_ANALYZER_NUMBER_OBJECT_CONVERSION = YES_AGGRESSIVE;
				CLANG_CXX_LANGUAGE_STANDARD = "gnu++14";
				CLANG_CXX_LIBRARY = "libc++";
				CLANG_ENABLE_MODULES = YES;
				CLANG_ENABLE_OBJC_ARC = YES;
				CLANG_ENABLE_OBJC_WEAK = YES;
				CLANG_WARN_BLOCK_CAPTURE_AUTORELEASING = YES;
				CLANG_WARN_BOOL_CONVERSION = YES;
				CLANG_WARN_COMMA = YES;
				CLANG_WARN_CONSTANT_CONVERSION = YES;
				CLANG_WARN_DEPRECATED_OBJC_IMPLEMENTATIONS = YES;
				CLANG_WARN_DIRECT_OBJC_ISA_USAGE = YES_ERROR;
				CLANG_WARN_DOCUMENTATION_COMMENTS = YES;
				CLANG_WARN_EMPTY_BODY = YES;
				CLANG_WARN_ENUM_CONVERSION = YES;
				CLANG_WARN_INFINITE_RECURSION = YES;
				CLANG_WARN_INT_CONVERSION = YES;
				CLANG_WARN_NON_LITERAL_NULL_CONVERSION = YES;
				CLANG_WARN_OBJC_IMPLICIT_RETAIN_SELF = YES;
				CLANG_WARN_OBJC_LITERAL_CONVERSION = YES;
				CLANG_WARN_OBJC_ROOT_CLASS = YES_ERROR;
				CLANG_WARN_RANGE_LOOP_ANALYSIS = YES;
				CLANG_WARN_STRICT_PROTOTYPES = YES;
				CLANG_WARN_SUSPICIOUS_MOVE = YES;
				CLANG_WARN_UNGUARDED_AVAILABILITY = YES_AGGRESSIVE;
				CLANG_WARN_UNREACHABLE_CODE = YES;
				CLANG_WARN__DUPLICATE_METHOD_MATCH = YES;
				CODE_SIGN_IDENTITY = "iPhone Developer";
				COPY_PHASE_STRIP = NO;
				DEBUG_INFORMATION_FORMAT = "dwarf-with-dsym";
				ENABLE_NS_ASSERTIONS = NO;
				ENABLE_STRICT_OBJC_MSGSEND = YES;
				GCC_C_LANGUAGE_STANDARD = gnu11;
				GCC_NO_COMMON_BLOCKS = YES;
				GCC_WARN_64_TO_32_BIT_CONVERSION = YES;
				GCC_WARN_ABOUT_RETURN_TYPE = YES_ERROR;
				GCC_WARN_UNDECLARED_SELECTOR = YES;
				GCC_WARN_UNINITIALIZED_AUTOS = YES_AGGRESSIVE;
				GCC_WARN_UNUSED_FUNCTION = YES;
				GCC_WARN_UNUSED_VARIABLE = YES;
				IPHONEOS_DEPLOYMENT_TARGET = 11.4;
				MTL_ENABLE_DEBUG_INFO = NO;
				SDKROOT = iphoneos;
				SWIFT_COMPILATION_MODE = wholemodule;
				SWIFT_OPTIMIZATION_LEVEL = "-O";
				VALIDATE_PRODUCT = YES;
			};
			name = Release;
		};
		AFE48A5820DEB8AB005930EC /* Debug */ = {
			isa = XCBuildConfiguration;
			baseConfigurationReference = E5CCB614AB1A4A39B6C7ACBE /* Pods-Todoey.debug.xcconfig */;
			buildSettings = {
				ASSETCATALOG_COMPILER_APPICON_NAME = AppIcon;
				CODE_SIGN_STYLE = Automatic;
				DEVELOPMENT_TEAM = 33A4PKE82K;
				INFOPLIST_FILE = Todoey/Info.plist;
				LD_RUNPATH_SEARCH_PATHS = (
					"$(inherited)",
					"@executable_path/Frameworks",
				);
				PRODUCT_BUNDLE_IDENTIFIER = com.NicholasRomano.Todoey;
				PRODUCT_NAME = "$(TARGET_NAME)";
				SWIFT_VERSION = 4.0;
				TARGETED_DEVICE_FAMILY = "1,2";
			};
			name = Debug;
		};
		AFE48A5920DEB8AB005930EC /* Release */ = {
			isa = XCBuildConfiguration;
			baseConfigurationReference = B98A9CCF6AD3D18AD2C37307 /* Pods-Todoey.release.xcconfig */;
			buildSettings = {
				ASSETCATALOG_COMPILER_APPICON_NAME = AppIcon;
				CODE_SIGN_STYLE = Automatic;
				DEVELOPMENT_TEAM = 33A4PKE82K;
				INFOPLIST_FILE = Todoey/Info.plist;
				LD_RUNPATH_SEARCH_PATHS = (
					"$(inherited)",
					"@executable_path/Frameworks",
				);
				PRODUCT_BUNDLE_IDENTIFIER = com.NicholasRomano.Todoey;
				PRODUCT_NAME = "$(TARGET_NAME)";
				SWIFT_VERSION = 4.0;
				TARGETED_DEVICE_FAMILY = "1,2";
			};
			name = Release;
		};
/* End XCBuildConfiguration section */

/* Begin XCConfigurationList section */
		AFE48A4020DEB8A9005930EC /* Build configuration list for PBXProject "Todoey" */ = {
			isa = XCConfigurationList;
			buildConfigurations = (
				AFE48A5520DEB8AB005930EC /* Debug */,
				AFE48A5620DEB8AB005930EC /* Release */,
			);
			defaultConfigurationIsVisible = 0;
			defaultConfigurationName = Release;
		};
		AFE48A5720DEB8AB005930EC /* Build configuration list for PBXNativeTarget "Todoey" */ = {
			isa = XCConfigurationList;
			buildConfigurations = (
				AFE48A5820DEB8AB005930EC /* Debug */,
				AFE48A5920DEB8AB005930EC /* Release */,
			);
			defaultConfigurationIsVisible = 0;
			defaultConfigurationName = Release;
		};
/* End XCConfigurationList section */
	};
	rootObject = AFE48A3D20DEB8A9005930EC /* Project object */;
}
